
Microsoft Visual Studio Solution File, Format Version 12.00
# Visual Studio Version 17
VisualStudioVersion = 17.0.31903.59
MinimumVisualStudioVersion = 10.0.40219.1
Project("{FAE04EC0-301F-11D3-BF4B-00C04F79EFBC}") = "TaskManagerWithSignalR.Web", "TaskManagerWithSignalR.Web\TaskManagerWithSignalR.Web.csproj", "{350D99D7-2635-45D9-87E8-38CB4F6591F6}"
EndProject
Project("{FAE04EC0-301F-11D3-BF4B-00C04F79EFBC}") = "TaskManagerWithSignalR.Data", "TaskManagerWithSignalR.Data\TaskManagerWithSignalR.Data.csproj", "{42F32658-B6FA-4942-8370-C4127F8572F5}"
EndProject
Global
	GlobalSection(SolutionConfigurationPlatforms) = preSolution
		Debug|Any CPU = Debug|Any CPU
		Release|Any CPU = Release|Any CPU
	EndGlobalSection
	GlobalSection(SolutionProperties) = preSolution
		HideSolutionNode = FALSE
	EndGlobalSection
	GlobalSection(ProjectConfigurationPlatforms) = postSolution
		{350D99D7-2635-45D9-87E8-38CB4F6591F6}.Debug|Any CPU.ActiveCfg = Debug|Any CPU
		{350D99D7-2635-45D9-87E8-38CB4F6591F6}.Debug|Any CPU.Build.0 = Debug|Any CPU
		{350D99D7-2635-45D9-87E8-38CB4F6591F6}.Release|Any CPU.ActiveCfg = Release|Any CPU
		{350D99D7-2635-45D9-87E8-38CB4F6591F6}.Release|Any CPU.Build.0 = Release|Any CPU
		{42F32658-B6FA-4942-8370-C4127F8572F5}.Debug|Any CPU.ActiveCfg = Debug|Any CPU
		{42F32658-B6FA-4942-8370-C4127F8572F5}.Debug|Any CPU.Build.0 = Debug|Any CPU
		{42F32658-B6FA-4942-8370-C4127F8572F5}.Release|Any CPU.ActiveCfg = Release|Any CPU
		{42F32658-B6FA-4942-8370-C4127F8572F5}.Release|Any CPU.Build.0 = Release|Any CPU
	EndGlobalSection
EndGlobal
